
Microsoft Visual Studio Solution File, Format Version 12.00
# Visual Studio Version 17
VisualStudioVersion = 17.14.37411.7 d17.14
MinimumVisualStudioVersion = 10.0.40219.1
Project("{FAE04EC0-301F-11D3-BF4B-00C04F79EFBC}") = "HelloWorld", "HelloWorld\HelloWorld.csproj", "{37896DC4-6A38-4DDD-AD6D-F3A021BA87FA}"
EndProject
Global
	GlobalSection(SolutionConfigurationPlatforms) = preSolution
		Debug|Any CPU = Debug|Any CPU
		Release|Any CPU = Release|Any CPU
	EndGlobalSection
	GlobalSection(ProjectConfigurationPlatforms) = postSolution
		{37896DC4-6A38-4DDD-AD6D-F3A021BA87FA}.Debug|Any CPU.ActiveCfg = Debug|Any CPU
		{37896DC4-6A38-4DDD-AD6D-F3A021BA87FA}.Debug|Any CPU.Build.0 = Debug|Any CPU
		{37896DC4-6A38-4DDD-AD6D-F3A021BA87FA}.Release|Any CPU.ActiveCfg = Release|Any CPU
		{37896DC4-6A38-4DDD-AD6D-F3A021BA87FA}.Release|Any CPU.Build.0 = Release|Any CPU
	EndGlobalSection
	GlobalSection(SolutionProperties) = preSolution
		HideSolutionNode = FALSE
	EndGlobalSection
	GlobalSection(ExtensibilityGlobals) = postSolution
		SolutionGuid = {4D3816B6-A5EA-4523-AA9C-2066318CB125}
	EndGlobalSection
EndGlobal
