
Microsoft Visual Studio Solution File, Format Version 12.00
# Visual Studio Version 17
VisualStudioVersion = 17.14.37411.7 d17.14
MinimumVisualStudioVersion = 10.0.40219.1
Project("{FAE04EC0-301F-11D3-BF4B-00C04F79EFBC}") = "StudentManagementAPI", "StudentManagementAPI\StudentManagementAPI.csproj", "{13AD3F53-2E87-47BE-8208-4E3F85D6068B}"
EndProject
Global
	GlobalSection(SolutionConfigurationPlatforms) = preSolution
		Debug|Any CPU = Debug|Any CPU
		Release|Any CPU = Release|Any CPU
	EndGlobalSection
	GlobalSection(ProjectConfigurationPlatforms) = postSolution
		{13AD3F53-2E87-47BE-8208-4E3F85D6068B}.Debug|Any CPU.ActiveCfg = Debug|Any CPU
		{13AD3F53-2E87-47BE-8208-4E3F85D6068B}.Debug|Any CPU.Build.0 = Debug|Any CPU
		{13AD3F53-2E87-47BE-8208-4E3F85D6068B}.Release|Any CPU.ActiveCfg = Release|Any CPU
		{13AD3F53-2E87-47BE-8208-4E3F85D6068B}.Release|Any CPU.Build.0 = Release|Any CPU
	EndGlobalSection
	GlobalSection(SolutionProperties) = preSolution
		HideSolutionNode = FALSE
	EndGlobalSection
	GlobalSection(ExtensibilityGlobals) = postSolution
		SolutionGuid = {7C449585-F5C6-47A3-9E2A-591CFE36D36E}
	EndGlobalSection
EndGlobal
